// !$*UTF8*$!
{
	archiveVersion = 1;
	classes = {
	};
	objectVersion = 46;
	objects = {

/* Begin PBXBuildFile section */
		269375577B805EC0C5D040D4 /* Pods.framework in Frameworks */ = {isa = PBXBuildFile; fileRef = 49D5A836ADA56609D6D95912 /* Pods.framework */; settings = {ATTRIBUTES = (Weak, ); }; };
		A722B806190A594E007DF168 /* Foundation.framework in Frameworks */ = {isa = PBXBuildFile; fileRef = A722B805190A594E007DF168 /* Foundation.framework */; };
		A722B808190A594E007DF168 /* CoreGraphics.framework in Frameworks */ = {isa = PBXBuildFile; fileRef = A722B807190A594E007DF168 /* CoreGraphics.framework */; };
		A722B80A190A594E007DF168 /* UIKit.framework in Frameworks */ = {isa = PBXBuildFile; fileRef = A722B809190A594E007DF168 /* UIKit.framework */; };
		A722B810190A594E007DF168 /* InfoPlist.strings in Resources */ = {isa = PBXBuildFile; fileRef = A722B80E190A594E007DF168 /* InfoPlist.strings */; };
		A722B812190A594E007DF168 /* main.m in Sources */ = {isa = PBXBuildFile; fileRef = A722B811190A594E007DF168 /* main.m */; };
		A722B816190A594E007DF168 /* FLWAppDelegate.m in Sources */ = {isa = PBXBuildFile; fileRef = A722B815190A594E007DF168 /* FLWAppDelegate.m */; };
		A722B818190A594E007DF168 /* Images.xcassets in Resources */ = {isa = PBXBuildFile; fileRef = A722B817190A594E007DF168 /* Images.xcassets */; };
		A722B81F190A594E007DF168 /* XCTest.framework in Frameworks */ = {isa = PBXBuildFile; fileRef = A722B81E190A594E007DF168 /* XCTest.framework */; };
		A722B820190A594E007DF168 /* Foundation.framework in Frameworks */ = {isa = PBXBuildFile; fileRef = A722B805190A594E007DF168 /* Foundation.framework */; };
		A722B821190A594E007DF168 /* UIKit.framework in Frameworks */ = {isa = PBXBuildFile; fileRef = A722B809190A594E007DF168 /* UIKit.framework */; };
		A722B829190A594E007DF168 /* InfoPlist.strings in Resources */ = {isa = PBXBuildFile; fileRef = A722B827190A594E007DF168 /* InfoPlist.strings */; };
		A722B82B190A594E007DF168 /* FlowSampleTests.m in Sources */ = {isa = PBXBuildFile; fileRef = A722B82A190A594E007DF168 /* FlowSampleTests.m */; };
		A722B86E190A59EE007DF168 /* FLWMainViewController.m in Sources */ = {isa = PBXBuildFile; fileRef = A722B86D190A59EE007DF168 /* FLWMainViewController.m */; };
		A722B870190A5FE8007DF168 /* Hacks.m in Sources */ = {isa = PBXBuildFile; fileRef = A722B86F190A5FE8007DF168 /* Hacks.m */; };
		A722B87B190A655B007DF168 /* AVFoundation.framework in Frameworks */ = {isa = PBXBuildFile; fileRef = A722B87A190A655B007DF168 /* AVFoundation.framework */; };
/* End PBXBuildFile section */

/* Begin PBXContainerItemProxy section */
		A722B822190A594E007DF168 /* PBXContainerItemProxy */ = {
			isa = PBXContainerItemProxy;
			containerPortal = A722B7FA190A594E007DF168 /* Project object */;
			proxyType = 1;
			remoteGlobalIDString = A722B801190A594E007DF168;
			remoteInfo = FlowSample;
		};
/* End PBXContainerItemProxy section */

/* Begin PBXFileReference section */
		49D5A836ADA56609D6D95912 /* Pods.framework */ = {isa = PBXFileReference; explicitFileType = wrapper.framework; includeInIndex = 0; path = Pods.framework; sourceTree = BUILT_PRODUCTS_DIR; };
		69F7147AAB3AAD50F920D9B4 /* Pods.debug.xcconfig */ = {isa = PBXFileReference; includeInIndex = 1; lastKnownFileType = text.xcconfig; name = Pods.debug.xcconfig; path = "../Pods/Target Support Files/Pods/Pods.debug.xcconfig"; sourceTree = "<group>"; };
		90C4BAC967CD7C6D454F7801 /* Pods.release.xcconfig */ = {isa = PBXFileReference; includeInIndex = 1; lastKnownFileType = text.xcconfig; name = Pods.release.xcconfig; path = "../Pods/Target Support Files/Pods/Pods.release.xcconfig"; sourceTree = "<group>"; };
		A722B802190A594E007DF168 /* FlowSample.app */ = {isa = PBXFileReference; explicitFileType = wrapper.application; includeInIndex = 0; path = FlowSample.app; sourceTree = BUILT_PRODUCTS_DIR; };
		A722B805190A594E007DF168 /* Foundation.framework */ = {isa = PBXFileReference; lastKnownFileType = wrapper.framework; name = Foundation.framework; path = System/Library/Frameworks/Foundation.framework; sourceTree = SDKROOT; };
		A722B807190A594E007DF168 /* CoreGraphics.framework */ = {isa = PBXFileReference; lastKnownFileType = wrapper.framework; name = CoreGraphics.framework; path = System/Library/Frameworks/CoreGraphics.framework; sourceTree = SDKROOT; };
		A722B809190A594E007DF168 /* UIKit.framework */ = {isa = PBXFileReference; lastKnownFileType = wrapper.framework; name = UIKit.framework; path = System/Library/Frameworks/UIKit.framework; sourceTree = SDKROOT; };
		A722B80D190A594E007DF168 /* FlowSample-Info.plist */ = {isa = PBXFileReference; lastKnownFileType = text.plist.xml; path = "FlowSample-Info.plist"; sourceTree = "<group>"; };
		A722B80F190A594E007DF168 /* en */ = {isa = PBXFileReference; lastKnownFileType = text.plist.strings; name = en; path = en.lproj/InfoPlist.strings; sourceTree = "<group>"; };
		A722B811190A594E007DF168 /* main.m */ = {isa = PBXFileReference; lastKnownFileType = sourcecode.c.objc; path = main.m; sourceTree = "<group>"; };
		A722B813190A594E007DF168 /* FlowSample-Prefix.pch */ = {isa = PBXFileReference; lastKnownFileType = sourcecode.c.h; path = "FlowSample-Prefix.pch"; sourceTree = "<group>"; };
		A722B814190A594E007DF168 /* FLWAppDelegate.h */ = {isa = PBXFileReference; lastKnownFileType = sourcecode.c.h; path = FLWAppDelegate.h; sourceTree = "<group>"; };
		A722B815190A594E007DF168 /* FLWAppDelegate.m */ = {isa = PBXFileReference; lastKnownFileType = sourcecode.c.objc; path = FLWAppDelegate.m; sourceTree = "<group>"; };
		A722B817190A594E007DF168 /* Images.xcassets */ = {isa = PBXFileReference; lastKnownFileType = folder.assetcatalog; path = Images.xcassets; sourceTree = "<group>"; };
		A722B81D190A594E007DF168 /* FlowSampleTests.xctest */ = {isa = PBXFileReference; explicitFileType = wrapper.cfbundle; includeInIndex = 0; path = FlowSampleTests.xctest; sourceTree = BUILT_PRODUCTS_DIR; };
		A722B81E190A594E007DF168 /* XCTest.framework */ = {isa = PBXFileReference; lastKnownFileType = wrapper.framework; name = XCTest.framework; path = Library/Frameworks/XCTest.framework; sourceTree = DEVELOPER_DIR; };
		A722B826190A594E007DF168 /* FlowSampleTests-Info.plist */ = {isa = PBXFileReference; lastKnownFileType = text.plist.xml; path = "FlowSampleTests-Info.plist"; sourceTree = "<group>"; };
		A722B828190A594E007DF168 /* en */ = {isa = PBXFileReference; lastKnownFileType = text.plist.strings; name = en; path = en.lproj/InfoPlist.strings; sourceTree = "<group>"; };
		A722B82A190A594E007DF168 /* FlowSampleTests.m */ = {isa = PBXFileReference; lastKnownFileType = sourcecode.c.objc; path = FlowSampleTests.m; sourceTree = "<group>"; };
		A722B86C190A59EE007DF168 /* FLWMainViewController.h */ = {isa = PBXFileReference; fileEncoding = 4; lastKnownFileType = sourcecode.c.h; path = FLWMainViewController.h; sourceTree = "<group>"; };
		A722B86D190A59EE007DF168 /* FLWMainViewController.m */ = {isa = PBXFileReference; fileEncoding = 4; lastKnownFileType = sourcecode.c.objc; path = FLWMainViewController.m; sourceTree = "<group>"; };
		A722B86F190A5FE8007DF168 /* Hacks.m */ = {isa = PBXFileReference; fileEncoding = 4; lastKnownFileType = sourcecode.c.objc; path = Hacks.m; sourceTree = "<group>"; };
		A722B87A190A655B007DF168 /* AVFoundation.framework */ = {isa = PBXFileReference; lastKnownFileType = wrapper.framework; name = AVFoundation.framework; path = System/Library/Frameworks/AVFoundation.framework; sourceTree = SDKROOT; };
/* End PBXFileReference section */

/* Begin PBXFrameworksBuildPhase section */
		A722B7FF190A594E007DF168 /* Frameworks */ = {
			isa = PBXFrameworksBuildPhase;
			buildActionMask = 2147483647;
			files = (
				A722B87B190A655B007DF168 /* AVFoundation.framework in Frameworks */,
				A722B808190A594E007DF168 /* CoreGraphics.framework in Frameworks */,
				A722B80A190A594E007DF168 /* UIKit.framework in Frameworks */,
				A722B806190A594E007DF168 /* Foundation.framework in Frameworks */,
				269375577B805EC0C5D040D4 /* Pods.framework in Frameworks */,
			);
			runOnlyForDeploymentPostprocessing = 0;
		};
		A722B81A190A594E007DF168 /* Frameworks */ = {
			isa = PBXFrameworksBuildPhase;
			buildActionMask = 2147483647;
			files = (
				A722B81F190A594E007DF168 /* XCTest.framework in Frameworks */,
				A722B821190A594E007DF168 /* UIKit.framework in Frameworks */,
				A722B820190A594E007DF168 /* Foundation.framework in Frameworks */,
			);
			runOnlyForDeploymentPostprocessing = 0;
		};
/* End PBXFrameworksBuildPhase section */

/* Begin PBXGroup section */
		7E69C955A2952BDF8E05D1D6 /* Pods */ = {
			isa = PBXGroup;
			children = (
				69F7147AAB3AAD50F920D9B4 /* Pods.debug.xcconfig */,
				90C4BAC967CD7C6D454F7801 /* Pods.release.xcconfig */,
			);
			name = Pods;
			sourceTree = "<group>";
		};
		A722B7F9190A594E007DF168 = {
			isa = PBXGroup;
			children = (
				A722B80B190A594E007DF168 /* FlowSample */,
				A722B824190A594E007DF168 /* FlowSampleTests */,
				A722B804190A594E007DF168 /* Frameworks */,
				A722B803190A594E007DF168 /* Products */,
				7E69C955A2952BDF8E05D1D6 /* Pods */,
			);
			sourceTree = "<group>";
		};
		A722B803190A594E007DF168 /* Products */ = {
			isa = PBXGroup;
			children = (
				A722B802190A594E007DF168 /* FlowSample.app */,
				A722B81D190A594E007DF168 /* FlowSampleTests.xctest */,
			);
			name = Products;
			sourceTree = "<group>";
		};
		A722B804190A594E007DF168 /* Frameworks */ = {
			isa = PBXGroup;
			children = (
				A722B87A190A655B007DF168 /* AVFoundation.framework */,
				A722B805190A594E007DF168 /* Foundation.framework */,
				A722B807190A594E007DF168 /* CoreGraphics.framework */,
				A722B809190A594E007DF168 /* UIKit.framework */,
				A722B81E190A594E007DF168 /* XCTest.framework */,
				49D5A836ADA56609D6D95912 /* Pods.framework */,
			);
			name = Frameworks;
			sourceTree = "<group>";
		};
		A722B80B190A594E007DF168 /* FlowSample */ = {
			isa = PBXGroup;
			children = (
				A722B86F190A5FE8007DF168 /* Hacks.m */,
				A722B86C190A59EE007DF168 /* FLWMainViewController.h */,
				A722B86D190A59EE007DF168 /* FLWMainViewController.m */,
				A722B814190A594E007DF168 /* FLWAppDelegate.h */,
				A722B815190A594E007DF168 /* FLWAppDelegate.m */,
				A722B817190A594E007DF168 /* Images.xcassets */,
				A722B80C190A594E007DF168 /* Supporting Files */,
			);
			path = FlowSample;
			sourceTree = "<group>";
		};
		A722B80C190A594E007DF168 /* Supporting Files */ = {
			isa = PBXGroup;
			children = (
				A722B80D190A594E007DF168 /* FlowSample-Info.plist */,
				A722B80E190A594E007DF168 /* InfoPlist.strings */,
				A722B811190A594E007DF168 /* main.m */,
				A722B813190A594E007DF168 /* FlowSample-Prefix.pch */,
			);
			name = "Supporting Files";
			sourceTree = "<group>";
		};
		A722B824190A594E007DF168 /* FlowSampleTests */ = {
			isa = PBXGroup;
			children = (
				A722B82A190A594E007DF168 /* FlowSampleTests.m */,
				A722B825190A594E007DF168 /* Supporting Files */,
			);
			path = FlowSampleTests;
			sourceTree = "<group>";
		};
		A722B825190A594E007DF168 /* Supporting Files */ = {
			isa = PBXGroup;
			children = (
				A722B826190A594E007DF168 /* FlowSampleTests-Info.plist */,
				A722B827190A594E007DF168 /* InfoPlist.strings */,
			);
			name = "Supporting Files";
			sourceTree = "<group>";
		};
/* End PBXGroup section */

/* Begin PBXNativeTarget section */
		A722B801190A594E007DF168 /* FlowSample */ = {
			isa = PBXNativeTarget;
			buildConfigurationList = A722B82E190A594E007DF168 /* Build configuration list for PBXNativeTarget "FlowSample" */;
			buildPhases = (
				E65114E5E1B5D7920DC6D305 /* Check Pods Manifest.lock */,
				A722B7FE190A594E007DF168 /* Sources */,
				A722B7FF190A594E007DF168 /* Frameworks */,
				A722B800190A594E007DF168 /* Resources */,
				7881014CA02135A10D0FF77E /* Embed Pods Frameworks */,
				2773F6AE86C148B3FAE9C0B6 /* Copy Pods Resources */,
			);
			buildRules = (
			);
			dependencies = (
			);
			name = FlowSample;
			productName = FlowSample;
			productReference = A722B802190A594E007DF168 /* FlowSample.app */;
			productType = "com.apple.product-type.application";
		};
		A722B81C190A594E007DF168 /* FlowSampleTests */ = {
			isa = PBXNativeTarget;
			buildConfigurationList = A722B831190A594E007DF168 /* Build configuration list for PBXNativeTarget "FlowSampleTests" */;
			buildPhases = (
				A722B819190A594E007DF168 /* Sources */,
				A722B81A190A594E007DF168 /* Frameworks */,
				A722B81B190A594E007DF168 /* Resources */,
			);
			buildRules = (
			);
			dependencies = (
				A722B823190A594E007DF168 /* PBXTargetDependency */,
			);
			name = FlowSampleTests;
			productName = FlowSampleTests;
			productReference = A722B81D190A594E007DF168 /* FlowSampleTests.xctest */;
			productType = "com.apple.product-type.bundle.unit-test";
		};
/* End PBXNativeTarget section */

/* Begin PBXProject section */
		A722B7FA190A594E007DF168 /* Project object */ = {
			isa = PBXProject;
			attributes = {
				CLASSPREFIX = FLW;
				LastUpgradeCheck = 0510;
				ORGANIZATIONNAME = "Sparrow-Labs";
				TargetAttributes = {
					A722B81C190A594E007DF168 = {
						TestTargetID = A722B801190A594E007DF168;
					};
				};
			};
			buildConfigurationList = A722B7FD190A594E007DF168 /* Build configuration list for PBXProject "FlowSample" */;
			compatibilityVersion = "Xcode 3.2";
			developmentRegion = English;
			hasScannedForEncodings = 0;
			knownRegions = (
				en,
			);
			mainGroup = A722B7F9190A594E007DF168;
			productRefGroup = A722B803190A594E007DF168 /* Products */;
			projectDirPath = "";
			projectRoot = "";
			targets = (
				A722B801190A594E007DF168 /* FlowSample */,
				A722B81C190A594E007DF168 /* FlowSampleTests */,
			);
		};
/* End PBXProject section */

/* Begin PBXResourcesBuildPhase section */
		A722B800190A594E007DF168 /* Resources */ = {
			isa = PBXResourcesBuildPhase;
			buildActionMask = 2147483647;
			files = (
				A722B810190A594E007DF168 /* InfoPlist.strings in Resources */,
				A722B818190A594E007DF168 /* Images.xcassets in Resources */,
			);
			runOnlyForDeploymentPostprocessing = 0;
		};
		A722B81B190A594E007DF168 /* Resources */ = {
			isa = PBXResourcesBuildPhase;
			buildActionMask = 2147483647;
			files = (
				A722B829190A594E007DF168 /* InfoPlist.strings in Resources */,
			);
			runOnlyForDeploymentPostprocessing = 0;
		};
/* End PBXResourcesBuildPhase section */

/* Begin PBXShellScriptBuildPhase section */
		2773F6AE86C148B3FAE9C0B6 /* Copy Pods Resources */ = {
			isa = PBXShellScriptBuildPhase;
			buildActionMask = 2147483647;
			files = (
			);
			inputPaths = (
			);
			name = "Copy Pods Resources";
			outputPaths = (
			);
			runOnlyForDeploymentPostprocessing = 0;
			shellPath = /bin/sh;
			shellScript = "\"${SRCROOT}/../Pods/Target Support Files/Pods/Pods-resources.sh\"\n";
			showEnvVarsInLog = 0;
		};
		7881014CA02135A10D0FF77E /* Embed Pods Frameworks */ = {
			isa = PBXShellScriptBuildPhase;
			buildActionMask = 2147483647;
			files = (
			);
			inputPaths = (
			);
			name = "Embed Pods Frameworks";
			outputPaths = (
			);
			runOnlyForDeploymentPostprocessing = 0;
			shellPath = /bin/sh;
			shellScript = "\"${SRCROOT}/../Pods/Target Support Files/Pods/Pods-frameworks.sh\"\n";
			showEnvVarsInLog = 0;
		};
		E65114E5E1B5D7920DC6D305 /* Check Pods Manifest.lock */ = {
			isa = PBXShellScriptBuildPhase;
			buildActionMask = 2147483647;
			files = (
			);
			inputPaths = (
			);
			name = "Check Pods Manifest.lock";
			outputPaths = (
			);
			runOnlyForDeploymentPostprocessing = 0;
			shellPath = /bin/sh;
			shellScript = "diff \"${PODS_ROOT}/../Podfile.lock\" \"${PODS_ROOT}/Manifest.lock\" > /dev/null\nif [[ $? != 0 ]] ; then\n    cat << EOM\nerror: The sandbox is not in sync with the Podfile.lock. Run 'pod install' or update your CocoaPods installation.\nEOM\n    exit 1\nfi\n";
			showEnvVarsInLog = 0;
		};
/* End PBXShellScriptBuildPhase section */

/* Begin PBXSourcesBuildPhase section */
		A722B7FE190A594E007DF168 /* Sources */ = {
			isa = PBXSourcesBuildPhase;
			buildActionMask = 2147483647;
			files = (
				A722B870190A5FE8007DF168 /* Hacks.m in Sources */,
				A722B86E190A59EE007DF168 /* FLWMainViewController.m in Sources */,
				A722B816190A594E007DF168 /* FLWAppDelegate.m in Sources */,
				A722B812190A594E007DF168 /* main.m in Sources */,
			);
			runOnlyForDeploymentPostprocessing = 0;
		};
		A722B819190A594E007DF168 /* Sources */ = {
			isa = PBXSourcesBuildPhase;
			buildActionMask = 2147483647;
			files = (
				A722B82B190A594E007DF168 /* FlowSampleTests.m in Sources */,
			);
			runOnlyForDeploymentPostprocessing = 0;
		};
/* End PBXSourcesBuildPhase section */

/* Begin PBXTargetDependency section */
		A722B823190A594E007DF168 /* PBXTargetDependency */ = {
			isa = PBXTargetDependency;
			target = A722B801190A594E007DF168 /* FlowSample */;
			targetProxy = A722B822190A594E007DF168 /* PBXContainerItemProxy */;
		};
/* End PBXTargetDependency section */

/* Begin PBXVariantGroup section */
		A722B80E190A594E007DF168 /* InfoPlist.strings */ = {
			isa = PBXVariantGroup;
			children = (
				A722B80F190A594E007DF168 /* en */,
			);
			name = InfoPlist.strings;
			sourceTree = "<group>";
		};
		A722B827190A594E007DF168 /* InfoPlist.strings */ = {
			isa = PBXVariantGroup;
			children = (
				A722B828190A594E007DF168 /* en */,
			);
			name = InfoPlist.strings;
			sourceTree = "<group>";
		};
/* End PBXVariantGroup section */

/* Begin XCBuildConfiguration section */
		A722B82C190A594E007DF168 /* Debug */ = {
			isa = XCBuildConfiguration;
			buildSettings = {
				ALWAYS_SEARCH_USER_PATHS = NO;
				CLANG_CXX_LANGUAGE_STANDARD = "gnu++0x";
				CLANG_CXX_LIBRARY = "libc++";
				CLANG_ENABLE_MODULES = YES;
				CLANG_ENABLE_OBJC_ARC = YES;
				CLANG_WARN_BOOL_CONVERSION = YES;
				CLANG_WARN_CONSTANT_CONVERSION = YES;
				CLANG_WARN_DIRECT_OBJC_ISA_USAGE = YES_ERROR;
				CLANG_WARN_EMPTY_BODY = YES;
				CLANG_WARN_ENUM_CONVERSION = YES;
				CLANG_WARN_INT_CONVERSION = YES;
				CLANG_WARN_OBJC_ROOT_CLASS = YES_ERROR;
				CLANG_WARN__DUPLICATE_METHOD_MATCH = YES;
				"CODE_SIGN_IDENTITY[sdk=iphoneos*]" = "iPhone Developer";
				COPY_PHASE_STRIP = NO;
				GCC_C_LANGUAGE_STANDARD = gnu99;
				GCC_DYNAMIC_NO_PIC = NO;
				GCC_OPTIMIZATION_LEVEL = 0;
				GCC_PREPROCESSOR_DEFINITIONS = (
					"DEBUG=1",
					"$(inherited)",
				);
				GCC_SYMBOLS_PRIVATE_EXTERN = NO;
				GCC_WARN_64_TO_32_BIT_CONVERSION = YES;
				GCC_WARN_ABOUT_RETURN_TYPE = YES_ERROR;
				GCC_WARN_UNDECLARED_SELECTOR = YES;
				GCC_WARN_UNINITIALIZED_AUTOS = YES_AGGRESSIVE;
				GCC_WARN_UNUSED_FUNCTION = YES;
				GCC_WARN_UNUSED_VARIABLE = YES;
				IPHONEOS_DEPLOYMENT_TARGET = 8.0;
				ONLY_ACTIVE_ARCH = YES;
				OTHER_LDFLAGS = (
					"-Objc",
					"-all_load",
				);
				SDKROOT = iphoneos;
				TARGETED_DEVICE_FAMILY = "1,2";
			};
			name = Debug;
		};
		A722B82D190A594E007DF168 /* Release */ = {
			isa = XCBuildConfiguration;
			buildSettings = {
				ALWAYS_SEARCH_USER_PATHS = NO;
				CLANG_CXX_LANGUAGE_STANDARD = "gnu++0x";
				CLANG_CXX_LIBRARY = "libc++";
				CLANG_ENABLE_MODULES = YES;
				CLANG_ENABLE_OBJC_ARC = YES;
				CLANG_WARN_BOOL_CONVERSION = YES;
				CLANG_WARN_CONSTANT_CONVERSION = YES;
				CLANG_WARN_DIRECT_OBJC_ISA_USAGE = YES_ERROR;
				CLANG_WARN_EMPTY_BODY = YES;
				CLANG_WARN_ENUM_CONVERSION = YES;
				CLANG_WARN_INT_CONVERSION = YES;
				CLANG_WARN_OBJC_ROOT_CLASS = YES_ERROR;
				CLANG_WARN__DUPLICATE_METHOD_MATCH = YES;
				"CODE_SIGN_IDENTITY[sdk=iphoneos*]" = "iPhone Developer";
				COPY_PHASE_STRIP = YES;
				ENABLE_NS_ASSERTIONS = NO;
				GCC_C_LANGUAGE_STANDARD = gnu99;
				GCC_WARN_64_TO_32_BIT_CONVERSION = YES;
				GCC_WARN_ABOUT_RETURN_TYPE = YES_ERROR;
				GCC_WARN_UNDECLARED_SELECTOR = YES;
				GCC_WARN_UNINITIALIZED_AUTOS = YES_AGGRESSIVE;
				GCC_WARN_UNUSED_FUNCTION = YES;
				GCC_WARN_UNUSED_VARIABLE = YES;
				IPHONEOS_DEPLOYMENT_TARGET = 8.0;
				OTHER_LDFLAGS = (
					"-Objc",
					"-all_load",
				);
				SDKROOT = iphoneos;
				TARGETED_DEVICE_FAMILY = "1,2";
				VALIDATE_PRODUCT = YES;
			};
			name = Release;
		};
		A722B82F190A594E007DF168 /* Debug */ = {
			isa = XCBuildConfiguration;
			baseConfigurationReference = 69F7147AAB3AAD50F920D9B4 /* Pods.debug.xcconfig */;
			buildSettings = {
				ASSETCATALOG_COMPILER_APPICON_NAME = AppIcon;
				ASSETCATALOG_COMPILER_LAUNCHIMAGE_NAME = LaunchImage;
				GCC_PRECOMPILE_PREFIX_HEADER = YES;
				GCC_PREFIX_HEADER = "FlowSample/FlowSample-Prefix.pch";
				INFOPLIST_FILE = "FlowSample/FlowSample-Info.plist";
				PRODUCT_NAME = "$(TARGET_NAME)";
				WRAPPER_EXTENSION = app;
			};
			name = Debug;
		};
		A722B830190A594E007DF168 /* Release */ = {
			isa = XCBuildConfiguration;
			baseConfigurationReference = 90C4BAC967CD7C6D454F7801 /* Pods.release.xcconfig */;
			buildSettings = {
				ASSETCATALOG_COMPILER_APPICON_NAME = AppIcon;
				ASSETCATALOG_COMPILER_LAUNCHIMAGE_NAME = LaunchImage;
				GCC_PRECOMPILE_PREFIX_HEADER = YES;
				GCC_PREFIX_HEADER = "FlowSample/FlowSample-Prefix.pch";
				INFOPLIST_FILE = "FlowSample/FlowSample-Info.plist";
				PRODUCT_NAME = "$(TARGET_NAME)";
				WRAPPER_EXTENSION = app;
			};
			name = Release;
		};
		A722B832190A594E007DF168 /* Debug */ = {
			isa = XCBuildConfiguration;
			buildSettings = {
				BUNDLE_LOADER = "$(BUILT_PRODUCTS_DIR)/FlowSample.app/FlowSample";
				FRAMEWORK_SEARCH_PATHS = (
					"$(SDKROOT)/Developer/Library/Frameworks",
					"$(inherited)",
					"$(DEVELOPER_FRAMEWORKS_DIR)",
				);
				GCC_PRECOMPILE_PREFIX_HEADER = YES;
				GCC_PREFIX_HEADER = "FlowSample/FlowSample-Prefix.pch";
				GCC_PREPROCESSOR_DEFINITIONS = (
					"DEBUG=1",
					"$(inherited)",
				);
				INFOPLIST_FILE = "FlowSampleTests/FlowSampleTests-Info.plist";
				PRODUCT_NAME = "$(TARGET_NAME)";
				TEST_HOST = "$(BUNDLE_LOADER)";
				WRAPPER_EXTENSION = xctest;
			};
			name = Debug;
		};
		A722B833190A594E007DF168 /* Release */ = {
			isa = XCBuildConfiguration;
			buildSettings = {
				BUNDLE_LOADER = "$(BUILT_PRODUCTS_DIR)/FlowSample.app/FlowSample";
				FRAMEWORK_SEARCH_PATHS = (
					"$(SDKROOT)/Developer/Library/Frameworks",
					"$(inherited)",
					"$(DEVELOPER_FRAMEWORKS_DIR)",
				);
				GCC_PRECOMPILE_PREFIX_HEADER = YES;
				GCC_PREFIX_HEADER = "FlowSample/FlowSample-Prefix.pch";
				INFOPLIST_FILE = "FlowSampleTests/FlowSampleTests-Info.plist";
				PRODUCT_NAME = "$(TARGET_NAME)";
				TEST_HOST = "$(BUNDLE_LOADER)";
				WRAPPER_EXTENSION = xctest;
			};
			name = Release;
		};
/* End XCBuildConfiguration section */

/* Begin XCConfigurationList section */
		A722B7FD190A594E007DF168 /* Build configuration list for PBXProject "FlowSample" */ = {
			isa = XCConfigurationList;
			buildConfigurations = (
				A722B82C190A594E007DF168 /* Debug */,
				A722B82D190A594E007DF168 /* Release */,
			);
			defaultConfigurationIsVisible = 0;
			defaultConfigurationName = Release;
		};
		A722B82E190A594E007DF168 /* Build configuration list for PBXNativeTarget "FlowSample" */ = {
			isa = XCConfigurationList;
			buildConfigurations = (
				A722B82F190A594E007DF168 /* Debug */,
				A722B830190A594E007DF168 /* Release */,
			);
			defaultConfigurationIsVisible = 0;
			defaultConfigurationName = Release;
		};
		A722B831190A594E007DF168 /* Build configuration list for PBXNativeTarget "FlowSampleTests" */ = {
			isa = XCConfigurationList;
			buildConfigurations = (
				A722B832190A594E007DF168 /* Debug */,
				A722B833190A594E007DF168 /* Release */,
			);
			defaultConfigurationIsVisible = 0;
			defaultConfigurationName = Release;
		};
/* End XCConfigurationList section */
	};
	rootObject = A722B7FA190A594E007DF168 /* Project object */;
}
